
Microsoft Visual Studio Solution File, Format Version 12.00
Project("{FAE04EC0-301F-11D3-BF4B-00C04F79EFBC}") = "RFLocker", "RFLocker.csproj", "{1EDA5C18-80F4-46D2-B23C-4CEEE44C78BB}"
EndProject
Global
	GlobalSection(SolutionConfigurationPlatforms) = preSolution
		Debug|Any CPU = Debug|Any CPU
		Release|Any CPU = Release|Any CPU
	EndGlobalSection
	GlobalSection(ProjectConfigurationPlatforms) = postSolution
		{1EDA5C18-80F4-46D2-B23C-4CEEE44C78BB}.Debug|Any CPU.ActiveCfg = Debug|Any CPU
		{1EDA5C18-80F4-46D2-B23C-4CEEE44C78BB}.Debug|Any CPU.Build.0 = Debug|Any CPU
		{1EDA5C18-80F4-46D2-B23C-4CEEE44C78BB}.Release|Any CPU.ActiveCfg = Release|Any CPU
		{1EDA5C18-80F4-46D2-B23C-4CEEE44C78BB}.Release|Any CPU.Build.0 = Release|Any CPU
	EndGlobalSection
EndGlobal
